{
  "name": "@plugins.rapidjs.org/sitemap",
  "version": "0.1.0",
  "lockfileVersion": 3,
  "requires": true,
  "packages": {
    "": {
      "name": "@plugins.rapidjs.org/sitemap",
      "version": "0.1.0",
      "license": "MIT",
      "devDependencies": {
        "@rapidjs.org/rjs": "^0.4.1"
      }
    },
    "node_modules/@rapidjs.org/cluster": {
      "version": "0.4.1",
      "resolved": "https://registry.npmjs.org/@rapidjs.org/cluster/-/cluster-0.4.1.tgz",
      "integrity": "sha512-cmpAxW2L5qYfyAnqRsWwDUAtoaYTyrwAom8XttkydmcSSWmXSi2QtWfZS51QuyOilCpCbrk4me+liLqZ/OCVhw==",
      "dev": true,
      "license": "Apache-2.0"
    },
    "node_modules/@rapidjs.org/rjs": {
      "version": "0.4.1",
      "resolved": "https://registry.npmjs.org/@rapidjs.org/rjs/-/rjs-0.4.1.tgz",
      "integrity": "sha512-LuxUTNADKuw4FWcfdSb9ylu8wxFYgHVRLZMnXsqy8qPkewocb0iTKtXiHoDKDrOOfnm20WAPrcmzYATJZP7RIw==",
      "dev": true,
      "license": "Apache-2.0",
      "dependencies": {
        "@rapidjs.org/rjs-build": "0.x",
        "@rapidjs.org/rjs-server": "0.x"
      },
      "bin": {
        "rjs": "build/cli/cli.js"
      }
    },
    "node_modules/@rapidjs.org/rjs-build": {
      "version": "0.4.1",
      "resolved": "https://registry.npmjs.org/@rapidjs.org/rjs-build/-/rjs-build-0.4.1.tgz",
      "integrity": "sha512-RLuO6C0fPrksg9VjNemQBwokOWXcUZg18urMVTVfgp7tvcN6SYpnl+n8Lj6LD9V5I465zUjkI7FwOHvi2Ux6AA==",
      "dev": true,
      "license": "Apache-2.0"
    },
    "node_modules/@rapidjs.org/rjs-handler": {
      "version": "0.4.1",
      "resolved": "https://registry.npmjs.org/@rapidjs.org/rjs-handler/-/rjs-handler-0.4.1.tgz",
      "integrity": "sha512-akKOGr/968kc2MMunL4JBEscI1VldJfGEgRg0hyudM6ZDWtLs8KQ6Mtrq/B5EojetgZUPot9zJsSpdKvzvWftg==",
      "dev": true,
      "license": "Apache-2.0",
      "dependencies": {
        "@rapidjs.org/rjs-build": "0.x"
      }
    },
    "node_modules/@rapidjs.org/rjs-server": {
      "version": "0.4.1",
      "resolved": "https://registry.npmjs.org/@rapidjs.org/rjs-server/-/rjs-server-0.4.1.tgz",
      "integrity": "sha512-YD7pnGAd4auRoG9Wq/RZjOhhbNEB/NIiGMDYXN4837mUGNM5N/rNijlbNCSMJ8cMj4x281FuBofVcbYTbnOjEw==",
      "dev": true,
      "license": "Apache-2.0",
      "dependencies": {
        "@rapidjs.org/cluster": "0.x",
        "@rapidjs.org/rjs-handler": "0.x"
      }
    }
  }
}
